// !$*UTF8*$!
{
	archiveVersion = 1;
	classes = {
	};
	objectVersion = 46;
	objects = {

/* Begin PBXBuildFile section */
		8076F3E11E8B3D65009671BD /* AppDelegate.swift in Sources */ = {isa = PBXBuildFile; fileRef = 8076F3E01E8B3D65009671BD /* AppDelegate.swift */; };
		8076F3E31E8B3D65009671BD /* ViewController.swift in Sources */ = {isa = PBXBuildFile; fileRef = 8076F3E21E8B3D65009671BD /* ViewController.swift */; };
		8076F3E61E8B3D65009671BD /* Main.storyboard in Resources */ = {isa = PBXBuildFile; fileRef = 8076F3E41E8B3D65009671BD /* Main.storyboard */; };
		8076F3E81E8B3D65009671BD /* Assets.xcassets in Resources */ = {isa = PBXBuildFile; fileRef = 8076F3E71E8B3D65009671BD /* Assets.xcassets */; };
		8076F3EB1E8B3D65009671BD /* LaunchScreen.storyboard in Resources */ = {isa = PBXBuildFile; fileRef = 8076F3E91E8B3D65009671BD /* LaunchScreen.storyboard */; };
		8076F3F61E8B3D65009671BD /* newjapanTests.swift in Sources */ = {isa = PBXBuildFile; fileRef = 8076F3F51E8B3D65009671BD /* newjapanTests.swift */; };
/* End PBXBuildFile section */

/* Begin PBXContainerItemProxy section */
		8076F3F21E8B3D65009671BD /* PBXContainerItemProxy */ = {
			isa = PBXContainerItemProxy;
			containerPortal = 8076F3D51E8B3D65009671BD /* Project object */;
			proxyType = 1;
			remoteGlobalIDString = 8076F3DC1E8B3D65009671BD;
			remoteInfo = newjapan;
		};
/* End PBXContainerItemProxy section */

/* Begin PBXFileReference section */
		8076F3DD1E8B3D65009671BD /* newjapan.app */ = {isa = PBXFileReference; explicitFileType = wrapper.application; includeInIndex = 0; path = newjapan.app; sourceTree = BUILT_PRODUCTS_DIR; };
		8076F3E01E8B3D65009671BD /* AppDelegate.swift */ = {isa = PBXFileReference; lastKnownFileType = sourcecode.swift; path = AppDelegate.swift; sourceTree = "<group>"; };
		8076F3E21E8B3D65009671BD /* ViewController.swift */ = {isa = PBXFileReference; lastKnownFileType = sourcecode.swift; path = ViewController.swift; sourceTree = "<group>"; };
		8076F3E51E8B3D65009671BD /* Base */ = {isa = PBXFileReference; lastKnownFileType = file.storyboard; name = Base; path = Base.lproj/Main.storyboard; sourceTree = "<group>"; };
		8076F3E71E8B3D65009671BD /* Assets.xcassets */ = {isa = PBXFileReference; lastKnownFileType = folder.assetcatalog; path = Assets.xcassets; sourceTree = "<group>"; };
		8076F3EA1E8B3D65009671BD /* Base */ = {isa = PBXFileReference; lastKnownFileType = file.storyboard; name = Base; path = Base.lproj/LaunchScreen.storyboard; sourceTree = "<group>"; };
		8076F3EC1E8B3D65009671BD /* Info.plist */ = {isa = PBXFileReference; lastKnownFileType = text.plist.xml; path = Info.plist; sourceTree = "<group>"; };
		8076F3F11E8B3D65009671BD /* newjapanTests.xctest */ = {isa = PBXFileReference; explicitFileType = wrapper.cfbundle; includeInIndex = 0; path = newjapanTests.xctest; sourceTree = BUILT_PRODUCTS_DIR; };
		8076F3F51E8B3D65009671BD /* newjapanTests.swift */ = {isa = PBXFileReference; lastKnownFileType = sourcecode.swift; path = newjapanTests.swift; sourceTree = "<group>"; };
		8076F3F71E8B3D65009671BD /* Info.plist */ = {isa = PBXFileReference; lastKnownFileType = text.plist.xml; path = Info.plist; sourceTree = "<group>"; };
/* End PBXFileReference section */

/* Begin PBXFrameworksBuildPhase section */
		8076F3DA1E8B3D65009671BD /* Frameworks */ = {
			isa = PBXFrameworksBuildPhase;
			buildActionMask = 2147483647;
			files = (
			);
			runOnlyForDeploymentPostprocessing = 0;
		};
		8076F3EE1E8B3D65009671BD /* Frameworks */ = {
			isa = PBXFrameworksBuildPhase;
			buildActionMask = 2147483647;
			files = (
			);
			runOnlyForDeploymentPostprocessing = 0;
		};
/* End PBXFrameworksBuildPhase section */

/* Begin PBXGroup section */
		8076F3D41E8B3D65009671BD = {
			isa = PBXGroup;
			children = (
				8076F3DF1E8B3D65009671BD /* newjapan */,
				8076F3F41E8B3D65009671BD /* newjapanTests */,
				8076F3DE1E8B3D65009671BD /* Products */,
			);
			sourceTree = "<group>";
		};
		8076F3DE1E8B3D65009671BD /* Products */ = {
			isa = PBXGroup;
			children = (
				8076F3DD1E8B3D65009671BD /* newjapan.app */,
				8076F3F11E8B3D65009671BD /* newjapanTests.xctest */,
			);
			name = Products;
			sourceTree = "<group>";
		};
		8076F3DF1E8B3D65009671BD /* newjapan */ = {
			isa = PBXGroup;
			children = (
				8076F3E01E8B3D65009671BD /* AppDelegate.swift */,
				8076F3E21E8B3D65009671BD /* ViewController.swift */,
				8076F3E41E8B3D65009671BD /* Main.storyboard */,
				8076F3E71E8B3D65009671BD /* Assets.xcassets */,
				8076F3E91E8B3D65009671BD /* LaunchScreen.storyboard */,
				8076F3EC1E8B3D65009671BD /* Info.plist */,
			);
			path = newjapan;
			sourceTree = "<group>";
		};
		8076F3F41E8B3D65009671BD /* newjapanTests */ = {
			isa = PBXGroup;
			children = (
				8076F3F51E8B3D65009671BD /* newjapanTests.swift */,
				8076F3F71E8B3D65009671BD /* Info.plist */,
			);
			path = newjapanTests;
			sourceTree = "<group>";
		};
/* End PBXGroup section */

/* Begin PBXNativeTarget section */
		8076F3DC1E8B3D65009671BD /* newjapan */ = {
			isa = PBXNativeTarget;
			buildConfigurationList = 8076F3FA1E8B3D65009671BD /* Build configuration list for PBXNativeTarget "newjapan" */;
			buildPhases = (
				8076F3D91E8B3D65009671BD /* Sources */,
				8076F3DA1E8B3D65009671BD /* Frameworks */,
				8076F3DB1E8B3D65009671BD /* Resources */,
			);
			buildRules = (
			);
			dependencies = (
			);
			name = newjapan;
			productName = newjapan;
			productReference = 8076F3DD1E8B3D65009671BD /* newjapan.app */;
			productType = "com.apple.product-type.application";
		};
		8076F3F01E8B3D65009671BD /* newjapanTests */ = {
			isa = PBXNativeTarget;
			buildConfigurationList = 8076F3FD1E8B3D65009671BD /* Build configuration list for PBXNativeTarget "newjapanTests" */;
			buildPhases = (
				8076F3ED1E8B3D65009671BD /* Sources */,
				8076F3EE1E8B3D65009671BD /* Frameworks */,
				8076F3EF1E8B3D65009671BD /* Resources */,
			);
			buildRules = (
			);
			dependencies = (
				8076F3F31E8B3D65009671BD /* PBXTargetDependency */,
			);
			name = newjapanTests;
			productName = newjapanTests;
			productReference = 8076F3F11E8B3D65009671BD /* newjapanTests.xctest */;
			productType = "com.apple.product-type.bundle.unit-test";
		};
/* End PBXNativeTarget section */

/* Begin PBXProject section */
		8076F3D51E8B3D65009671BD /* Project object */ = {
			isa = PBXProject;
			attributes = {
				LastSwiftUpdateCheck = 0820;
				LastUpgradeCheck = 0820;
				ORGANIZATIONNAME = trasksystems;
				TargetAttributes = {
					8076F3DC1E8B3D65009671BD = {
						CreatedOnToolsVersion = 8.2;
						ProvisioningStyle = Automatic;
					};
					8076F3F01E8B3D65009671BD = {
						CreatedOnToolsVersion = 8.2;
						ProvisioningStyle = Automatic;
						TestTargetID = 8076F3DC1E8B3D65009671BD;
					};
				};
			};
			buildConfigurationList = 8076F3D81E8B3D65009671BD /* Build configuration list for PBXProject "newjapan" */;
			compatibilityVersion = "Xcode 3.2";
			developmentRegion = English;
			hasScannedForEncodings = 0;
			knownRegions = (
				en,
				Base,
			);
			mainGroup = 8076F3D41E8B3D65009671BD;
			productRefGroup = 8076F3DE1E8B3D65009671BD /* Products */;
			projectDirPath = "";
			projectRoot = "";
			targets = (
				8076F3DC1E8B3D65009671BD /* newjapan */,
				8076F3F01E8B3D65009671BD /* newjapanTests */,
			);
		};
/* End PBXProject section */

/* Begin PBXResourcesBuildPhase section */
		8076F3DB1E8B3D65009671BD /* Resources */ = {
			isa = PBXResourcesBuildPhase;
			buildActionMask = 2147483647;
			files = (
				8076F3EB1E8B3D65009671BD /* LaunchScreen.storyboard in Resources */,
				8076F3E81E8B3D65009671BD /* Assets.xcassets in Resources */,
				8076F3E61E8B3D65009671BD /* Main.storyboard in Resources */,
			);
			runOnlyForDeploymentPostprocessing = 0;
		};
		8076F3EF1E8B3D65009671BD /* Resources */ = {
			isa = PBXResourcesBuildPhase;
			buildActionMask = 2147483647;
			files = (
			);
			runOnlyForDeploymentPostprocessing = 0;
		};
/* End PBXResourcesBuildPhase section */

/* Begin PBXSourcesBuildPhase section */
		8076F3D91E8B3D65009671BD /* Sources */ = {
			isa = PBXSourcesBuildPhase;
			buildActionMask = 2147483647;
			files = (
				8076F3E31E8B3D65009671BD /* ViewController.swift in Sources */,
				8076F3E11E8B3D65009671BD /* AppDelegate.swift in Sources */,
			);
			runOnlyForDeploymentPostprocessing = 0;
		};
		8076F3ED1E8B3D65009671BD /* Sources */ = {
			isa = PBXSourcesBuildPhase;
			buildActionMask = 2147483647;
			files = (
				8076F3F61E8B3D65009671BD /* newjapanTests.swift in Sources */,
			);
			runOnlyForDeploymentPostprocessing = 0;
		};
/* End PBXSourcesBuildPhase section */

/* Begin PBXTargetDependency section */
		8076F3F31E8B3D65009671BD /* PBXTargetDependency */ = {
			isa = PBXTargetDependency;
			target = 8076F3DC1E8B3D65009671BD /* newjapan */;
			targetProxy = 8076F3F21E8B3D65009671BD /* PBXContainerItemProxy */;
		};
/* End PBXTargetDependency section */

/* Begin PBXVariantGroup section */
		8076F3E41E8B3D65009671BD /* Main.storyboard */ = {
			isa = PBXVariantGroup;
			children = (
				8076F3E51E8B3D65009671BD /* Base */,
			);
			name = Main.storyboard;
			sourceTree = "<group>";
		};
		8076F3E91E8B3D65009671BD /* LaunchScreen.storyboard */ = {
			isa = PBXVariantGroup;
			children = (
				8076F3EA1E8B3D65009671BD /* Base */,
			);
			name = LaunchScreen.storyboard;
			sourceTree = "<group>";
		};
/* End PBXVariantGroup section */

/* Begin XCBuildConfiguration section */
		8076F3F81E8B3D65009671BD /* Debug */ = {
			isa = XCBuildConfiguration;
			buildSettings = {
				ALWAYS_SEARCH_USER_PATHS = NO;
				CLANG_ANALYZER_NONNULL = YES;
				CLANG_CXX_LANGUAGE_STANDARD = "gnu++0x";
				CLANG_CXX_LIBRARY = "libc++";
				CLANG_ENABLE_MODULES = YES;
				CLANG_ENABLE_OBJC_ARC = YES;
				CLANG_WARN_BOOL_CONVERSION = YES;
				CLANG_WARN_CONSTANT_CONVERSION = YES;
				CLANG_WARN_DIRECT_OBJC_ISA_USAGE = YES_ERROR;
				CLANG_WARN_DOCUMENTATION_COMMENTS = YES;
				CLANG_WARN_EMPTY_BODY = YES;
				CLANG_WARN_ENUM_CONVERSION = YES;
				CLANG_WARN_INFINITE_RECURSION = YES;
				CLANG_WARN_INT_CONVERSION = YES;
				CLANG_WARN_OBJC_ROOT_CLASS = YES_ERROR;
				CLANG_WARN_SUSPICIOUS_MOVE = YES;
				CLANG_WARN_UNREACHABLE_CODE = YES;
				CLANG_WARN__DUPLICATE_METHOD_MATCH = YES;
				"CODE_SIGN_IDENTITY[sdk=iphoneos*]" = "iPhone Developer";
				COPY_PHASE_STRIP = NO;
				DEBUG_INFORMATION_FORMAT = dwarf;
				ENABLE_STRICT_OBJC_MSGSEND = YES;
				ENABLE_TESTABILITY = YES;
				GCC_C_LANGUAGE_STANDARD = gnu99;
				GCC_DYNAMIC_NO_PIC = NO;
				GCC_NO_COMMON_BLOCKS = YES;
				GCC_OPTIMIZATION_LEVEL = 0;
				GCC_PREPROCESSOR_DEFINITIONS = (
					"DEBUG=1",
					"$(inherited)",
				);
				GCC_WARN_64_TO_32_BIT_CONVERSION = YES;
				GCC_WARN_ABOUT_RETURN_TYPE = YES_ERROR;
				GCC_WARN_UNDECLARED_SELECTOR = YES;
				GCC_WARN_UNINITIALIZED_AUTOS = YES_AGGRESSIVE;
				GCC_WARN_UNUSED_FUNCTION = YES;
				GCC_WARN_UNUSED_VARIABLE = YES;
				IPHONEOS_DEPLOYMENT_TARGET = 10.2;
				MTL_ENABLE_DEBUG_INFO = YES;
				ONLY_ACTIVE_ARCH = YES;
				SDKROOT = iphoneos;
				SWIFT_ACTIVE_COMPILATION_CONDITIONS = DEBUG;
				SWIFT_OPTIMIZATION_LEVEL = "-Onone";
				TARGETED_DEVICE_FAMILY = "1,2";
			};
			name = Debug;
		};
		8076F3F91E8B3D65009671BD /* Release */ = {
			isa = XCBuildConfiguration;
			buildSettings = {
				ALWAYS_SEARCH_USER_PATHS = NO;
				CLANG_ANALYZER_NONNULL = YES;
				CLANG_CXX_LANGUAGE_STANDARD = "gnu++0x";
				CLANG_CXX_LIBRARY = "libc++";
				CLANG_ENABLE_MODULES = YES;
				CLANG_ENABLE_OBJC_ARC = YES;
				CLANG_WARN_BOOL_CONVERSION = YES;
				CLANG_WARN_CONSTANT_CONVERSION = YES;
				CLANG_WARN_DIRECT_OBJC_ISA_USAGE = YES_ERROR;
				CLANG_WARN_DOCUMENTATION_COMMENTS = YES;
				CLANG_WARN_EMPTY_BODY = YES;
				CLANG_WARN_ENUM_CONVERSION = YES;
				CLANG_WARN_INFINITE_RECURSION = YES;
				CLANG_WARN_INT_CONVERSION = YES;
				CLANG_WARN_OBJC_ROOT_CLASS = YES_ERROR;
				CLANG_WARN_SUSPICIOUS_MOVE = YES;
				CLANG_WARN_UNREACHABLE_CODE = YES;
				CLANG_WARN__DUPLICATE_METHOD_MATCH = YES;
				"CODE_SIGN_IDENTITY[sdk=iphoneos*]" = "iPhone Developer";
				COPY_PHASE_STRIP = NO;
				DEBUG_INFORMATION_FORMAT = "dwarf-with-dsym";
				ENABLE_NS_ASSERTIONS = NO;
				ENABLE_STRICT_OBJC_MSGSEND = YES;
				GCC_C_LANGUAGE_STANDARD = gnu99;
				GCC_NO_COMMON_BLOCKS = YES;
				GCC_WARN_64_TO_32_BIT_CONVERSION = YES;
				GCC_WARN_ABOUT_RETURN_TYPE = YES_ERROR;
				GCC_WARN_UNDECLARED_SELECTOR = YES;
				GCC_WARN_UNINITIALIZED_AUTOS = YES_AGGRESSIVE;
				GCC_WARN_UNUSED_FUNCTION = YES;
				GCC_WARN_UNUSED_VARIABLE = YES;
				IPHONEOS_DEPLOYMENT_TARGET = 10.2;
				MTL_ENABLE_DEBUG_INFO = NO;
				SDKROOT = iphoneos;
				SWIFT_OPTIMIZATION_LEVEL = "-Owholemodule";
				TARGETED_DEVICE_FAMILY = "1,2";
				VALIDATE_PRODUCT = YES;
			};
			name = Release;
		};
		8076F3FB1E8B3D65009671BD /* Debug */ = {
			isa = XCBuildConfiguration;
			buildSettings = {
				ASSETCATALOG_COMPILER_APPICON_NAME = AppIcon;
				INFOPLIST_FILE = newjapan/Info.plist;
				LD_RUNPATH_SEARCH_PATHS = "$(inherited) @executable_path/Frameworks";
				PRODUCT_BUNDLE_IDENTIFIER = "sysamic.com-detroer.newjapan";
				PRODUCT_NAME = "$(TARGET_NAME)";
				SWIFT_VERSION = 3.0;
			};
			name = Debug;
		};
		8076F3FC1E8B3D65009671BD /* Release */ = {
			isa = XCBuildConfiguration;
			buildSettings = {
				ASSETCATALOG_COMPILER_APPICON_NAME = AppIcon;
				INFOPLIST_FILE = newjapan/Info.plist;
				LD_RUNPATH_SEARCH_PATHS = "$(inherited) @executable_path/Frameworks";
				PRODUCT_BUNDLE_IDENTIFIER = "sysamic.com-detroer.newjapan";
				PRODUCT_NAME = "$(TARGET_NAME)";
				SWIFT_VERSION = 3.0;
			};
			name = Release;
		};
		8076F3FE1E8B3D65009671BD /* Debug */ = {
			isa = XCBuildConfiguration;
			buildSettings = {
				ALWAYS_EMBED_SWIFT_STANDARD_LIBRARIES = YES;
				BUNDLE_LOADER = "$(TEST_HOST)";
				INFOPLIST_FILE = newjapanTests/Info.plist;
				LD_RUNPATH_SEARCH_PATHS = "$(inherited) @executable_path/Frameworks @loader_path/Frameworks";
				PRODUCT_BUNDLE_IDENTIFIER = "sysamic.com-detroer.newjapanTests";
				PRODUCT_NAME = "$(TARGET_NAME)";
				SWIFT_VERSION = 3.0;
				TEST_HOST = "$(BUILT_PRODUCTS_DIR)/newjapan.app/newjapan";
			};
			name = Debug;
		};
		8076F3FF1E8B3D65009671BD /* Release */ = {
			isa = XCBuildConfiguration;
			buildSettings = {
				ALWAYS_EMBED_SWIFT_STANDARD_LIBRARIES = YES;
				BUNDLE_LOADER = "$(TEST_HOST)";
				INFOPLIST_FILE = newjapanTests/Info.plist;
				LD_RUNPATH_SEARCH_PATHS = "$(inherited) @executable_path/Frameworks @loader_path/Frameworks";
				PRODUCT_BUNDLE_IDENTIFIER = "sysamic.com-detroer.newjapanTests";
				PRODUCT_NAME = "$(TARGET_NAME)";
				SWIFT_VERSION = 3.0;
				TEST_HOST = "$(BUILT_PRODUCTS_DIR)/newjapan.app/newjapan";
			};
			name = Release;
		};
/* End XCBuildConfiguration section */

/* Begin XCConfigurationList section */
		8076F3D81E8B3D65009671BD /* Build configuration list for PBXProject "newjapan" */ = {
			isa = XCConfigurationList;
			buildConfigurations = (
				8076F3F81E8B3D65009671BD /* Debug */,
				8076F3F91E8B3D65009671BD /* Release */,
			);
			defaultConfigurationIsVisible = 0;
			defaultConfigurationName = Release;
		};
		8076F3FA1E8B3D65009671BD /* Build configuration list for PBXNativeTarget "newjapan" */ = {
			isa = XCConfigurationList;
			buildConfigurations = (
				8076F3FB1E8B3D65009671BD /* Debug */,
				8076F3FC1E8B3D65009671BD /* Release */,
			);
			defaultConfigurationIsVisible = 0;
		};
		8076F3FD1E8B3D65009671BD /* Build configuration list for PBXNativeTarget "newjapanTests" */ = {
			isa = XCConfigurationList;
			buildConfigurations = (
				8076F3FE1E8B3D65009671BD /* Debug */,
				8076F3FF1E8B3D65009671BD /* Release */,
			);
			defaultConfigurationIsVisible = 0;
		};
/* End XCConfigurationList section */
	};
	rootObject = 8076F3D51E8B3D65009671BD /* Project object */;
}
